
Microsoft Visual Studio Solution File, Format Version 12.00
# Visual Studio Version 17
VisualStudioVersion = 17.3.32929.385
MinimumVisualStudioVersion = 10.0.40219.1
Project("{FAE04EC0-301F-11D3-BF4B-00C04F79EFBC}") = "wholesalers", "wholesalers\wholesalers.csproj", "{D16EF10B-13EC-44C1-A647-F00B3058F31D}"
EndProject
Global
	GlobalSection(SolutionConfigurationPlatforms) = preSolution
		Debug|Any CPU = Debug|Any CPU
		Release|Any CPU = Release|Any CPU
	EndGlobalSection
	GlobalSection(ProjectConfigurationPlatforms) = postSolution
		{D16EF10B-13EC-44C1-A647-F00B3058F31D}.Debug|Any CPU.ActiveCfg = Debug|Any CPU
		{D16EF10B-13EC-44C1-A647-F00B3058F31D}.Debug|Any CPU.Build.0 = Debug|Any CPU
		{D16EF10B-13EC-44C1-A647-F00B3058F31D}.Release|Any CPU.ActiveCfg = Release|Any CPU
		{D16EF10B-13EC-44C1-A647-F00B3058F31D}.Release|Any CPU.Build.0 = Release|Any CPU
	EndGlobalSection
	GlobalSection(SolutionProperties) = preSolution
		HideSolutionNode = FALSE
	EndGlobalSection
	GlobalSection(ExtensibilityGlobals) = postSolution
		SolutionGuid = {CDA564C4-6F9B-420A-BB1F-260B91AA0F14}
	EndGlobalSection
EndGlobal
